PODS:
  - JDRouter (1.2.9):
    - JDRouter/Annotation (= 1.2.9)
    - JDRouter/Intent (= 1.2.9)
  - JDRouter/Annotation (1.2.9)
  - JDRouter/Intent (1.2.9)

DEPENDENCIES:
  - JDRouter (from `./`)

EXTERNAL SOURCES:
  JDRouter:
    :path: "./"

SPEC CHECKSUMS:
  JDRouter: 238a47ec10a823fd022a07d50a6f7d1b86ef8ca9

PODFILE CHECKSUM: 99236e9bf1193c19e26546ce5aea358ef9a97b43

COCOAPODS: 1.7.4
