// !$*UTF8*$!
{
	archiveVersion = 1;
	classes = {
	};
	objectVersion = 46;
	objects = {

/* Begin PBXBuildFile section */
		4D0B08F41F2B202200EF754C /* JDIntent.m in Sources */ = {isa = PBXBuildFile; fileRef = 4D0B08F11F2B202200EF754C /* JDIntent.m */; };
		4D0B08FE1F2B322A00EF754C /* JDRouter+viewController.m in Sources */ = {isa = PBXBuildFile; fileRef = 4D0B08FB1F2B322A00EF754C /* JDRouter+viewController.m */; };
		4D0B08FF1F2B322A00EF754C /* JDRouter.m in Sources */ = {isa = PBXBuildFile; fileRef = 4D0B08FD1F2B322A00EF754C /* JDRouter.m */; };
		4D30EA6B1F2F0ADF0050370A /* UserIntent.m in Sources */ = {isa = PBXBuildFile; fileRef = 4D30EA661F2F0ADF0050370A /* UserIntent.m */; };
		4D30EA6C1F2F0ADF0050370A /* JDNextViewController.m in Sources */ = {isa = PBXBuildFile; fileRef = 4D30EA6A1F2F0ADF0050370A /* JDNextViewController.m */; };
		4D30EA701F2F0B000050370A /* JDRouterViewController.m in Sources */ = {isa = PBXBuildFile; fileRef = 4D30EA6E1F2F0B000050370A /* JDRouterViewController.m */; };
		4D30EA711F2F0B000050370A /* JDRouterViewController.xib in Resources */ = {isa = PBXBuildFile; fileRef = 4D30EA6F1F2F0B000050370A /* JDRouterViewController.xib */; };
		4D30EA751F2F0B5F0050370A /* JDIntentViewController.m in Sources */ = {isa = PBXBuildFile; fileRef = 4D30EA731F2F0B5F0050370A /* JDIntentViewController.m */; };
		4D30EA761F2F0B5F0050370A /* JDIntentViewController.xib in Resources */ = {isa = PBXBuildFile; fileRef = 4D30EA741F2F0B5F0050370A /* JDIntentViewController.xib */; };
		4D30EA891F2F0D890050370A /* JDProtocolViewController.m in Sources */ = {isa = PBXBuildFile; fileRef = 4D30EA831F2F0D890050370A /* JDProtocolViewController.m */; };
		4D30EA8A1F2F0D890050370A /* JDProtocolViewController.xib in Resources */ = {isa = PBXBuildFile; fileRef = 4D30EA841F2F0D890050370A /* JDProtocolViewController.xib */; };
		4D30EA8B1F2F0D890050370A /* JDUserService.m in Sources */ = {isa = PBXBuildFile; fileRef = 4D30EA871F2F0D890050370A /* JDUserService.m */; };
		4D30EA8E1F2F0DB00050370A /* JDServiceCenter.m in Sources */ = {isa = PBXBuildFile; fileRef = 4D30EA8D1F2F0DB00050370A /* JDServiceCenter.m */; };
		4D30EA911F2F15870050370A /* JDAnnotation.m in Sources */ = {isa = PBXBuildFile; fileRef = 4D30EA901F2F15870050370A /* JDAnnotation.m */; };
		4D8DB4C01F29EAAD003249CD /* main.m in Sources */ = {isa = PBXBuildFile; fileRef = 4D8DB4BF1F29EAAD003249CD /* main.m */; };
		4D8DB4C31F29EAAD003249CD /* AppDelegate.m in Sources */ = {isa = PBXBuildFile; fileRef = 4D8DB4C21F29EAAD003249CD /* AppDelegate.m */; };
		4D8DB4C61F29EAAD003249CD /* ViewController.m in Sources */ = {isa = PBXBuildFile; fileRef = 4D8DB4C51F29EAAD003249CD /* ViewController.m */; };
		4D8DB4C91F29EAAD003249CD /* Main.storyboard in Resources */ = {isa = PBXBuildFile; fileRef = 4D8DB4C71F29EAAD003249CD /* Main.storyboard */; };
		4D8DB4CB1F29EAAD003249CD /* Assets.xcassets in Resources */ = {isa = PBXBuildFile; fileRef = 4D8DB4CA1F29EAAD003249CD /* Assets.xcassets */; };
		4D8DB4CE1F29EAAD003249CD /* LaunchScreen.storyboard in Resources */ = {isa = PBXBuildFile; fileRef = 4D8DB4CC1F29EAAD003249CD /* LaunchScreen.storyboard */; };
		6958C61920A2C739000D27FF /* fishhook.c in Sources */ = {isa = PBXBuildFile; fileRef = 6958C61720A2C739000D27FF /* fishhook.c */; };
		69C7F2F822E14F4F002D2774 /* JDRouterCenter.m in Sources */ = {isa = PBXBuildFile; fileRef = 69C7F2F722E14F4F002D2774 /* JDRouterCenter.m */; };
/* End PBXBuildFile section */

/* Begin PBXFileReference section */
		4D0B08F01F2B202200EF754C /* JDIntent.h */ = {isa = PBXFileReference; fileEncoding = 4; lastKnownFileType = sourcecode.c.h; path = JDIntent.h; sourceTree = "<group>"; };
		4D0B08F11F2B202200EF754C /* JDIntent.m */ = {isa = PBXFileReference; fileEncoding = 4; lastKnownFileType = sourcecode.c.objc; path = JDIntent.m; sourceTree = "<group>"; };
		4D0B08FA1F2B322A00EF754C /* JDRouter+viewController.h */ = {isa = PBXFileReference; fileEncoding = 4; lastKnownFileType = sourcecode.c.h; path = "JDRouter+viewController.h"; sourceTree = "<group>"; };
		4D0B08FB1F2B322A00EF754C /* JDRouter+viewController.m */ = {isa = PBXFileReference; fileEncoding = 4; lastKnownFileType = sourcecode.c.objc; path = "JDRouter+viewController.m"; sourceTree = "<group>"; };
		4D0B08FC1F2B322A00EF754C /* JDRouter.h */ = {isa = PBXFileReference; fileEncoding = 4; lastKnownFileType = sourcecode.c.h; path = JDRouter.h; sourceTree = "<group>"; };
		4D0B08FD1F2B322A00EF754C /* JDRouter.m */ = {isa = PBXFileReference; fileEncoding = 4; lastKnownFileType = sourcecode.c.objc; path = JDRouter.m; sourceTree = "<group>"; };
		4D30EA651F2F0ADF0050370A /* UserIntent.h */ = {isa = PBXFileReference; fileEncoding = 4; lastKnownFileType = sourcecode.c.h; path = UserIntent.h; sourceTree = "<group>"; };
		4D30EA661F2F0ADF0050370A /* UserIntent.m */ = {isa = PBXFileReference; fileEncoding = 4; lastKnownFileType = sourcecode.c.objc; path = UserIntent.m; sourceTree = "<group>"; };
		4D30EA691F2F0ADF0050370A /* JDNextViewController.h */ = {isa = PBXFileReference; fileEncoding = 4; lastKnownFileType = sourcecode.c.h; path = JDNextViewController.h; sourceTree = "<group>"; };
		4D30EA6A1F2F0ADF0050370A /* JDNextViewController.m */ = {isa = PBXFileReference; fileEncoding = 4; lastKnownFileType = sourcecode.c.objc; path = JDNextViewController.m; sourceTree = "<group>"; };
		4D30EA6D1F2F0B000050370A /* JDRouterViewController.h */ = {isa = PBXFileReference; fileEncoding = 4; lastKnownFileType = sourcecode.c.h; path = JDRouterViewController.h; sourceTree = "<group>"; };
		4D30EA6E1F2F0B000050370A /* JDRouterViewController.m */ = {isa = PBXFileReference; fileEncoding = 4; lastKnownFileType = sourcecode.c.objc; path = JDRouterViewController.m; sourceTree = "<group>"; };
		4D30EA6F1F2F0B000050370A /* JDRouterViewController.xib */ = {isa = PBXFileReference; fileEncoding = 4; lastKnownFileType = file.xib; path = JDRouterViewController.xib; sourceTree = "<group>"; };
		4D30EA721F2F0B5F0050370A /* JDIntentViewController.h */ = {isa = PBXFileReference; fileEncoding = 4; lastKnownFileType = sourcecode.c.h; path = JDIntentViewController.h; sourceTree = "<group>"; };
		4D30EA731F2F0B5F0050370A /* JDIntentViewController.m */ = {isa = PBXFileReference; fileEncoding = 4; lastKnownFileType = sourcecode.c.objc; path = JDIntentViewController.m; sourceTree = "<group>"; };
		4D30EA741F2F0B5F0050370A /* JDIntentViewController.xib */ = {isa = PBXFileReference; fileEncoding = 4; lastKnownFileType = file.xib; path = JDIntentViewController.xib; sourceTree = "<group>"; };
		4D30EA821F2F0D890050370A /* JDProtocolViewController.h */ = {isa = PBXFileReference; fileEncoding = 4; lastKnownFileType = sourcecode.c.h; path = JDProtocolViewController.h; sourceTree = "<group>"; };
		4D30EA831F2F0D890050370A /* JDProtocolViewController.m */ = {isa = PBXFileReference; fileEncoding = 4; lastKnownFileType = sourcecode.c.objc; path = JDProtocolViewController.m; sourceTree = "<group>"; };
		4D30EA841F2F0D890050370A /* JDProtocolViewController.xib */ = {isa = PBXFileReference; fileEncoding = 4; lastKnownFileType = file.xib; path = JDProtocolViewController.xib; sourceTree = "<group>"; };
		4D30EA861F2F0D890050370A /* JDUserService.h */ = {isa = PBXFileReference; fileEncoding = 4; lastKnownFileType = sourcecode.c.h; path = JDUserService.h; sourceTree = "<group>"; };
		4D30EA871F2F0D890050370A /* JDUserService.m */ = {isa = PBXFileReference; fileEncoding = 4; lastKnownFileType = sourcecode.c.objc; path = JDUserService.m; sourceTree = "<group>"; };
		4D30EA881F2F0D890050370A /* JDUserProtocol.h */ = {isa = PBXFileReference; fileEncoding = 4; lastKnownFileType = sourcecode.c.h; path = JDUserProtocol.h; sourceTree = "<group>"; };
		4D30EA8C1F2F0DB00050370A /* JDServiceCenter.h */ = {isa = PBXFileReference; fileEncoding = 4; lastKnownFileType = sourcecode.c.h; path = JDServiceCenter.h; sourceTree = "<group>"; };
		4D30EA8D1F2F0DB00050370A /* JDServiceCenter.m */ = {isa = PBXFileReference; fileEncoding = 4; lastKnownFileType = sourcecode.c.objc; path = JDServiceCenter.m; sourceTree = "<group>"; };
		4D30EA8F1F2F15870050370A /* JDAnnotation.h */ = {isa = PBXFileReference; fileEncoding = 4; lastKnownFileType = sourcecode.c.h; path = JDAnnotation.h; sourceTree = "<group>"; };
		4D30EA901F2F15870050370A /* JDAnnotation.m */ = {isa = PBXFileReference; fileEncoding = 4; lastKnownFileType = sourcecode.c.objc; path = JDAnnotation.m; sourceTree = "<group>"; };
		4D8DB4BB1F29EAAD003249CD /* JDRouter.app */ = {isa = PBXFileReference; explicitFileType = wrapper.application; includeInIndex = 0; path = JDRouter.app; sourceTree = BUILT_PRODUCTS_DIR; };
		4D8DB4BF1F29EAAD003249CD /* main.m */ = {isa = PBXFileReference; lastKnownFileType = sourcecode.c.objc; path = main.m; sourceTree = "<group>"; };
		4D8DB4C11F29EAAD003249CD /* AppDelegate.h */ = {isa = PBXFileReference; lastKnownFileType = sourcecode.c.h; path = AppDelegate.h; sourceTree = "<group>"; };
		4D8DB4C21F29EAAD003249CD /* AppDelegate.m */ = {isa = PBXFileReference; lastKnownFileType = sourcecode.c.objc; path = AppDelegate.m; sourceTree = "<group>"; };
		4D8DB4C41F29EAAD003249CD /* ViewController.h */ = {isa = PBXFileReference; lastKnownFileType = sourcecode.c.h; path = ViewController.h; sourceTree = "<group>"; };
		4D8DB4C51F29EAAD003249CD /* ViewController.m */ = {isa = PBXFileReference; lastKnownFileType = sourcecode.c.objc; path = ViewController.m; sourceTree = "<group>"; };
		4D8DB4C81F29EAAD003249CD /* Base */ = {isa = PBXFileReference; lastKnownFileType = file.storyboard; name = Base; path = Base.lproj/Main.storyboard; sourceTree = "<group>"; };
		4D8DB4CA1F29EAAD003249CD /* Assets.xcassets */ = {isa = PBXFileReference; lastKnownFileType = folder.assetcatalog; path = Assets.xcassets; sourceTree = "<group>"; };
		4D8DB4CD1F29EAAD003249CD /* Base */ = {isa = PBXFileReference; lastKnownFileType = file.storyboard; name = Base; path = Base.lproj/LaunchScreen.storyboard; sourceTree = "<group>"; };
		4D8DB4CF1F29EAAD003249CD /* Info.plist */ = {isa = PBXFileReference; lastKnownFileType = text.plist.xml; path = Info.plist; sourceTree = "<group>"; };
		6958C61720A2C739000D27FF /* fishhook.c */ = {isa = PBXFileReference; fileEncoding = 4; lastKnownFileType = sourcecode.c.c; path = fishhook.c; sourceTree = "<group>"; };
		6958C61820A2C739000D27FF /* fishhook.h */ = {isa = PBXFileReference; fileEncoding = 4; lastKnownFileType = sourcecode.c.h; path = fishhook.h; sourceTree = "<group>"; };
		69C7F2F622E14F4F002D2774 /* JDRouterCenter.h */ = {isa = PBXFileReference; lastKnownFileType = sourcecode.c.h; path = JDRouterCenter.h; sourceTree = "<group>"; };
		69C7F2F722E14F4F002D2774 /* JDRouterCenter.m */ = {isa = PBXFileReference; lastKnownFileType = sourcecode.c.objc; path = JDRouterCenter.m; sourceTree = "<group>"; };
/* End PBXFileReference section */

/* Begin PBXFrameworksBuildPhase section */
		4D8DB4B81F29EAAD003249CD /* Frameworks */ = {
			isa = PBXFrameworksBuildPhase;
			buildActionMask = 2147483647;
			files = (
			);
			runOnlyForDeploymentPostprocessing = 0;
		};
/* End PBXFrameworksBuildPhase section */

/* Begin PBXGroup section */
		4D0B08EF1F2B202200EF754C /* Intent */ = {
			isa = PBXGroup;
			children = (
				4D0B08F01F2B202200EF754C /* JDIntent.h */,
				4D0B08F11F2B202200EF754C /* JDIntent.m */,
			);
			path = Intent;
			sourceTree = "<group>";
		};
		4D0B08F91F2B322A00EF754C /* Router */ = {
			isa = PBXGroup;
			children = (
				4D0B08FA1F2B322A00EF754C /* JDRouter+viewController.h */,
				4D0B08FB1F2B322A00EF754C /* JDRouter+viewController.m */,
				4D0B08FC1F2B322A00EF754C /* JDRouter.h */,
				4D0B08FD1F2B322A00EF754C /* JDRouter.m */,
			);
			path = Router;
			sourceTree = "<group>";
		};
		4D30EA601F2F0A7C0050370A /* Protocol */ = {
			isa = PBXGroup;
			children = (
				4D30EA8F1F2F15870050370A /* JDAnnotation.h */,
				4D30EA901F2F15870050370A /* JDAnnotation.m */,
				4D30EA8C1F2F0DB00050370A /* JDServiceCenter.h */,
				4D30EA8D1F2F0DB00050370A /* JDServiceCenter.m */,
				69C7F2F622E14F4F002D2774 /* JDRouterCenter.h */,
				69C7F2F722E14F4F002D2774 /* JDRouterCenter.m */,
			);
			path = Protocol;
			sourceTree = "<group>";
		};
		4D30EA641F2F0ADF0050370A /* Intent */ = {
			isa = PBXGroup;
			children = (
				4D30EA651F2F0ADF0050370A /* UserIntent.h */,
				4D30EA661F2F0ADF0050370A /* UserIntent.m */,
				4D30EA721F2F0B5F0050370A /* JDIntentViewController.h */,
				4D30EA731F2F0B5F0050370A /* JDIntentViewController.m */,
				4D30EA741F2F0B5F0050370A /* JDIntentViewController.xib */,
			);
			path = Intent;
			sourceTree = "<group>";
		};
		4D30EA681F2F0ADF0050370A /* Router */ = {
			isa = PBXGroup;
			children = (
				4D30EA691F2F0ADF0050370A /* JDNextViewController.h */,
				4D30EA6A1F2F0ADF0050370A /* JDNextViewController.m */,
				4D30EA6D1F2F0B000050370A /* JDRouterViewController.h */,
				4D30EA6E1F2F0B000050370A /* JDRouterViewController.m */,
				4D30EA6F1F2F0B000050370A /* JDRouterViewController.xib */,
			);
			path = Router;
			sourceTree = "<group>";
		};
		4D30EA801F2F0D890050370A /* Protocol */ = {
			isa = PBXGroup;
			children = (
				4D30EA811F2F0D890050370A /* model1 */,
				4D30EA851F2F0D890050370A /* model2 */,
			);
			path = Protocol;
			sourceTree = "<group>";
		};
		4D30EA811F2F0D890050370A /* model1 */ = {
			isa = PBXGroup;
			children = (
				4D30EA821F2F0D890050370A /* JDProtocolViewController.h */,
				4D30EA831F2F0D890050370A /* JDProtocolViewController.m */,
				4D30EA841F2F0D890050370A /* JDProtocolViewController.xib */,
			);
			path = model1;
			sourceTree = "<group>";
		};
		4D30EA851F2F0D890050370A /* model2 */ = {
			isa = PBXGroup;
			children = (
				4D30EA861F2F0D890050370A /* JDUserService.h */,
				4D30EA871F2F0D890050370A /* JDUserService.m */,
				4D30EA881F2F0D890050370A /* JDUserProtocol.h */,
			);
			path = model2;
			sourceTree = "<group>";
		};
		4D8DB4B21F29EAAD003249CD = {
			isa = PBXGroup;
			children = (
				4D30EA601F2F0A7C0050370A /* Protocol */,
				4D0B08F91F2B322A00EF754C /* Router */,
				4D0B08EF1F2B202200EF754C /* Intent */,
				4D8DB4BD1F29EAAD003249CD /* JDRouter */,
				4D8DB4BC1F29EAAD003249CD /* Products */,
			);
			sourceTree = "<group>";
		};
		4D8DB4BC1F29EAAD003249CD /* Products */ = {
			isa = PBXGroup;
			children = (
				4D8DB4BB1F29EAAD003249CD /* JDRouter.app */,
			);
			name = Products;
			sourceTree = "<group>";
		};
		4D8DB4BD1F29EAAD003249CD /* JDRouter */ = {
			isa = PBXGroup;
			children = (
				4D30EA801F2F0D890050370A /* Protocol */,
				4D30EA641F2F0ADF0050370A /* Intent */,
				4D30EA681F2F0ADF0050370A /* Router */,
				4D8DB4C11F29EAAD003249CD /* AppDelegate.h */,
				4D8DB4C21F29EAAD003249CD /* AppDelegate.m */,
				4D8DB4C41F29EAAD003249CD /* ViewController.h */,
				4D8DB4C51F29EAAD003249CD /* ViewController.m */,
				4D8DB4C71F29EAAD003249CD /* Main.storyboard */,
				4D8DB4CA1F29EAAD003249CD /* Assets.xcassets */,
				4D8DB4CC1F29EAAD003249CD /* LaunchScreen.storyboard */,
				4D8DB4CF1F29EAAD003249CD /* Info.plist */,
				4D8DB4BE1F29EAAD003249CD /* Supporting Files */,
			);
			path = JDRouter;
			sourceTree = "<group>";
		};
		4D8DB4BE1F29EAAD003249CD /* Supporting Files */ = {
			isa = PBXGroup;
			children = (
				6958C61720A2C739000D27FF /* fishhook.c */,
				6958C61820A2C739000D27FF /* fishhook.h */,
				4D8DB4BF1F29EAAD003249CD /* main.m */,
			);
			name = "Supporting Files";
			sourceTree = "<group>";
		};
/* End PBXGroup section */

/* Begin PBXNativeTarget section */
		4D8DB4BA1F29EAAD003249CD /* JDRouter */ = {
			isa = PBXNativeTarget;
			buildConfigurationList = 4D8DB4D21F29EAAD003249CD /* Build configuration list for PBXNativeTarget "JDRouter" */;
			buildPhases = (
				4D8DB4B71F29EAAD003249CD /* Sources */,
				4D8DB4B81F29EAAD003249CD /* Frameworks */,
				4D8DB4B91F29EAAD003249CD /* Resources */,
			);
			buildRules = (
			);
			dependencies = (
			);
			name = JDRouter;
			productName = JDRouter;
			productReference = 4D8DB4BB1F29EAAD003249CD /* JDRouter.app */;
			productType = "com.apple.product-type.application";
		};
/* End PBXNativeTarget section */

/* Begin PBXProject section */
		4D8DB4B31F29EAAD003249CD /* Project object */ = {
			isa = PBXProject;
			attributes = {
				LastUpgradeCheck = 0830;
				ORGANIZATIONNAME = "王金东";
				TargetAttributes = {
					4D8DB4BA1F29EAAD003249CD = {
						CreatedOnToolsVersion = 8.3.3;
						ProvisioningStyle = Automatic;
					};
				};
			};
			buildConfigurationList = 4D8DB4B61F29EAAD003249CD /* Build configuration list for PBXProject "JDRouter" */;
			compatibilityVersion = "Xcode 3.2";
			developmentRegion = English;
			hasScannedForEncodings = 0;
			knownRegions = (
				English,
				en,
				Base,
			);
			mainGroup = 4D8DB4B21F29EAAD003249CD;
			productRefGroup = 4D8DB4BC1F29EAAD003249CD /* Products */;
			projectDirPath = "";
			projectRoot = "";
			targets = (
				4D8DB4BA1F29EAAD003249CD /* JDRouter */,
			);
		};
/* End PBXProject section */

/* Begin PBXResourcesBuildPhase section */
		4D8DB4B91F29EAAD003249CD /* Resources */ = {
			isa = PBXResourcesBuildPhase;
			buildActionMask = 2147483647;
			files = (
				4D8DB4CE1F29EAAD003249CD /* LaunchScreen.storyboard in Resources */,
				4D30EA761F2F0B5F0050370A /* JDIntentViewController.xib in Resources */,
				4D30EA8A1F2F0D890050370A /* JDProtocolViewController.xib in Resources */,
				4D30EA711F2F0B000050370A /* JDRouterViewController.xib in Resources */,
				4D8DB4CB1F29EAAD003249CD /* Assets.xcassets in Resources */,
				4D8DB4C91F29EAAD003249CD /* Main.storyboard in Resources */,
			);
			runOnlyForDeploymentPostprocessing = 0;
		};
/* End PBXResourcesBuildPhase section */

/* Begin PBXSourcesBuildPhase section */
		4D8DB4B71F29EAAD003249CD /* Sources */ = {
			isa = PBXSourcesBuildPhase;
			buildActionMask = 2147483647;
			files = (
				4D0B08F41F2B202200EF754C /* JDIntent.m in Sources */,
				6958C61920A2C739000D27FF /* fishhook.c in Sources */,
				4D8DB4C61F29EAAD003249CD /* ViewController.m in Sources */,
				4D30EA6B1F2F0ADF0050370A /* UserIntent.m in Sources */,
				4D30EA891F2F0D890050370A /* JDProtocolViewController.m in Sources */,
				4D30EA8E1F2F0DB00050370A /* JDServiceCenter.m in Sources */,
				4D30EA701F2F0B000050370A /* JDRouterViewController.m in Sources */,
				4D0B08FF1F2B322A00EF754C /* JDRouter.m in Sources */,
				4D30EA8B1F2F0D890050370A /* JDUserService.m in Sources */,
				4D0B08FE1F2B322A00EF754C /* JDRouter+viewController.m in Sources */,
				4D30EA751F2F0B5F0050370A /* JDIntentViewController.m in Sources */,
				69C7F2F822E14F4F002D2774 /* JDRouterCenter.m in Sources */,
				4D30EA6C1F2F0ADF0050370A /* JDNextViewController.m in Sources */,
				4D8DB4C31F29EAAD003249CD /* AppDelegate.m in Sources */,
				4D30EA911F2F15870050370A /* JDAnnotation.m in Sources */,
				4D8DB4C01F29EAAD003249CD /* main.m in Sources */,
			);
			runOnlyForDeploymentPostprocessing = 0;
		};
/* End PBXSourcesBuildPhase section */

/* Begin PBXVariantGroup section */
		4D8DB4C71F29EAAD003249CD /* Main.storyboard */ = {
			isa = PBXVariantGroup;
			children = (
				4D8DB4C81F29EAAD003249CD /* Base */,
			);
			name = Main.storyboard;
			sourceTree = "<group>";
		};
		4D8DB4CC1F29EAAD003249CD /* LaunchScreen.storyboard */ = {
			isa = PBXVariantGroup;
			children = (
				4D8DB4CD1F29EAAD003249CD /* Base */,
			);
			name = LaunchScreen.storyboard;
			sourceTree = "<group>";
		};
/* End PBXVariantGroup section */

/* Begin XCBuildConfiguration section */
		4D8DB4D01F29EAAD003249CD /* Debug */ = {
			isa = XCBuildConfiguration;
			buildSettings = {
				ALWAYS_SEARCH_USER_PATHS = NO;
				CLANG_ANALYZER_NONNULL = YES;
				CLANG_ANALYZER_NUMBER_OBJECT_CONVERSION = YES_AGGRESSIVE;
				CLANG_CXX_LANGUAGE_STANDARD = "gnu++0x";
				CLANG_CXX_LIBRARY = "libc++";
				CLANG_ENABLE_MODULES = YES;
				CLANG_ENABLE_OBJC_ARC = YES;
				CLANG_WARN_BOOL_CONVERSION = YES;
				CLANG_WARN_CONSTANT_CONVERSION = YES;
				CLANG_WARN_DIRECT_OBJC_ISA_USAGE = YES_ERROR;
				CLANG_WARN_DOCUMENTATION_COMMENTS = YES;
				CLANG_WARN_EMPTY_BODY = YES;
				CLANG_WARN_ENUM_CONVERSION = YES;
				CLANG_WARN_INFINITE_RECURSION = YES;
				CLANG_WARN_INT_CONVERSION = YES;
				CLANG_WARN_OBJC_ROOT_CLASS = YES_ERROR;
				CLANG_WARN_SUSPICIOUS_MOVE = YES;
				CLANG_WARN_UNREACHABLE_CODE = YES;
				CLANG_WARN__DUPLICATE_METHOD_MATCH = YES;
				"CODE_SIGN_IDENTITY[sdk=iphoneos*]" = "iPhone Developer";
				COPY_PHASE_STRIP = NO;
				DEBUG_INFORMATION_FORMAT = dwarf;
				ENABLE_STRICT_OBJC_MSGSEND = YES;
				ENABLE_TESTABILITY = YES;
				GCC_C_LANGUAGE_STANDARD = gnu99;
				GCC_DYNAMIC_NO_PIC = NO;
				GCC_NO_COMMON_BLOCKS = YES;
				GCC_OPTIMIZATION_LEVEL = 0;
				GCC_PREPROCESSOR_DEFINITIONS = (
					"DEBUG=1",
					"$(inherited)",
				);
				GCC_WARN_64_TO_32_BIT_CONVERSION = YES;
				GCC_WARN_ABOUT_RETURN_TYPE = YES_ERROR;
				GCC_WARN_UNDECLARED_SELECTOR = YES;
				GCC_WARN_UNINITIALIZED_AUTOS = YES_AGGRESSIVE;
				GCC_WARN_UNUSED_FUNCTION = YES;
				GCC_WARN_UNUSED_VARIABLE = YES;
				IPHONEOS_DEPLOYMENT_TARGET = 10.3;
				MTL_ENABLE_DEBUG_INFO = YES;
				ONLY_ACTIVE_ARCH = YES;
				SDKROOT = iphoneos;
			};
			name = Debug;
		};
		4D8DB4D11F29EAAD003249CD /* Release */ = {
			isa = XCBuildConfiguration;
			buildSettings = {
				ALWAYS_SEARCH_USER_PATHS = NO;
				CLANG_ANALYZER_NONNULL = YES;
				CLANG_ANALYZER_NUMBER_OBJECT_CONVERSION = YES_AGGRESSIVE;
				CLANG_CXX_LANGUAGE_STANDARD = "gnu++0x";
				CLANG_CXX_LIBRARY = "libc++";
				CLANG_ENABLE_MODULES = YES;
				CLANG_ENABLE_OBJC_ARC = YES;
				CLANG_WARN_BOOL_CONVERSION = YES;
				CLANG_WARN_CONSTANT_CONVERSION = YES;
				CLANG_WARN_DIRECT_OBJC_ISA_USAGE = YES_ERROR;
				CLANG_WARN_DOCUMENTATION_COMMENTS = YES;
				CLANG_WARN_EMPTY_BODY = YES;
				CLANG_WARN_ENUM_CONVERSION = YES;
				CLANG_WARN_INFINITE_RECURSION = YES;
				CLANG_WARN_INT_CONVERSION = YES;
				CLANG_WARN_OBJC_ROOT_CLASS = YES_ERROR;
				CLANG_WARN_SUSPICIOUS_MOVE = YES;
				CLANG_WARN_UNREACHABLE_CODE = YES;
				CLANG_WARN__DUPLICATE_METHOD_MATCH = YES;
				"CODE_SIGN_IDENTITY[sdk=iphoneos*]" = "iPhone Developer";
				COPY_PHASE_STRIP = NO;
				DEBUG_INFORMATION_FORMAT = "dwarf-with-dsym";
				ENABLE_NS_ASSERTIONS = NO;
				ENABLE_STRICT_OBJC_MSGSEND = YES;
				GCC_C_LANGUAGE_STANDARD = gnu99;
				GCC_NO_COMMON_BLOCKS = YES;
				GCC_WARN_64_TO_32_BIT_CONVERSION = YES;
				GCC_WARN_ABOUT_RETURN_TYPE = YES_ERROR;
				GCC_WARN_UNDECLARED_SELECTOR = YES;
				GCC_WARN_UNINITIALIZED_AUTOS = YES_AGGRESSIVE;
				GCC_WARN_UNUSED_FUNCTION = YES;
				GCC_WARN_UNUSED_VARIABLE = YES;
				IPHONEOS_DEPLOYMENT_TARGET = 10.3;
				MTL_ENABLE_DEBUG_INFO = NO;
				SDKROOT = iphoneos;
				VALIDATE_PRODUCT = YES;
			};
			name = Release;
		};
		4D8DB4D31F29EAAD003249CD /* Debug */ = {
			isa = XCBuildConfiguration;
			buildSettings = {
				ASSETCATALOG_COMPILER_APPICON_NAME = AppIcon;
				INFOPLIST_FILE = JDRouter/Info.plist;
				IPHONEOS_DEPLOYMENT_TARGET = 8.0;
				LD_RUNPATH_SEARCH_PATHS = "$(inherited) @executable_path/Frameworks";
				PRODUCT_BUNDLE_IDENTIFIER = com.jd.JDRouter;
				PRODUCT_NAME = "$(TARGET_NAME)";
			};
			name = Debug;
		};
		4D8DB4D41F29EAAD003249CD /* Release */ = {
			isa = XCBuildConfiguration;
			buildSettings = {
				ASSETCATALOG_COMPILER_APPICON_NAME = AppIcon;
				INFOPLIST_FILE = JDRouter/Info.plist;
				IPHONEOS_DEPLOYMENT_TARGET = 8.0;
				LD_RUNPATH_SEARCH_PATHS = "$(inherited) @executable_path/Frameworks";
				PRODUCT_BUNDLE_IDENTIFIER = com.jd.JDRouter;
				PRODUCT_NAME = "$(TARGET_NAME)";
			};
			name = Release;
		};
/* End XCBuildConfiguration section */

/* Begin XCConfigurationList section */
		4D8DB4B61F29EAAD003249CD /* Build configuration list for PBXProject "JDRouter" */ = {
			isa = XCConfigurationList;
			buildConfigurations = (
				4D8DB4D01F29EAAD003249CD /* Debug */,
				4D8DB4D11F29EAAD003249CD /* Release */,
			);
			defaultConfigurationIsVisible = 0;
			defaultConfigurationName = Release;
		};
		4D8DB4D21F29EAAD003249CD /* Build configuration list for PBXNativeTarget "JDRouter" */ = {
			isa = XCConfigurationList;
			buildConfigurations = (
				4D8DB4D31F29EAAD003249CD /* Debug */,
				4D8DB4D41F29EAAD003249CD /* Release */,
			);
			defaultConfigurationIsVisible = 0;
			defaultConfigurationName = Release;
		};
/* End XCConfigurationList section */
	};
	rootObject = 4D8DB4B31F29EAAD003249CD /* Project object */;
}
